
Microsoft Visual Studio Solution File, Format Version 12.00
# Visual Studio 15
VisualStudioVersion = 15.0.27130.2024
MinimumVisualStudioVersion = 10.0.40219.1
Project("{FAE04EC0-301F-11D3-BF4B-00C04F79EFBC}") = "Kalkylator", "Kalkylator\Kalkylator.csproj", "{FE8EA5E5-C997-4D67-8E95-BC7F97B65C0E}"
EndProject
Global
	GlobalSection(SolutionConfigurationPlatforms) = preSolution
		Debug|Any CPU = Debug|Any CPU
		Release|Any CPU = Release|Any CPU
	EndGlobalSection
	GlobalSection(ProjectConfigurationPlatforms) = postSolution
		{FE8EA5E5-C997-4D67-8E95-BC7F97B65C0E}.Debug|Any CPU.ActiveCfg = Debug|Any CPU
		{FE8EA5E5-C997-4D67-8E95-BC7F97B65C0E}.Debug|Any CPU.Build.0 = Debug|Any CPU
		{FE8EA5E5-C997-4D67-8E95-BC7F97B65C0E}.Release|Any CPU.ActiveCfg = Release|Any CPU
		{FE8EA5E5-C997-4D67-8E95-BC7F97B65C0E}.Release|Any CPU.Build.0 = Release|Any CPU
	EndGlobalSection
	GlobalSection(SolutionProperties) = preSolution
		HideSolutionNode = FALSE
	EndGlobalSection
	GlobalSection(ExtensibilityGlobals) = postSolution
		SolutionGuid = {632C8C35-C3FB-4203-BF67-47647F549446}
	EndGlobalSection
EndGlobal
